
Microsoft Visual Studio Solution File, Format Version 12.00
# Visual Studio Version 17
VisualStudioVersion = 17.5.2.0
MinimumVisualStudioVersion = 10.0.40219.1
Project("{FAE04EC0-301F-11D3-BF4B-00C04F79EFBC}") = "API", "API.csproj", "{185FB9B3-7E25-E276-A6CB-D007880954D9}"
EndProject
Project("{FAE04EC0-301F-11D3-BF4B-00C04F79EFBC}") = "Models", "..\Models\Models.csproj", "{F2356DA8-999B-48CF-8FAC-8AD6579F6716}"
EndProject
Global
	GlobalSection(SolutionConfigurationPlatforms) = preSolution
		Debug|Any CPU = Debug|Any CPU
		Debug|x64 = Debug|x64
		Debug|x86 = Debug|x86
		Release|Any CPU = Release|Any CPU
		Release|x64 = Release|x64
		Release|x86 = Release|x86
	EndGlobalSection
	GlobalSection(ProjectConfigurationPlatforms) = postSolution
		{185FB9B3-7E25-E276-A6CB-D007880954D9}.Debug|Any CPU.ActiveCfg = Debug|Any CPU
		{185FB9B3-7E25-E276-A6CB-D007880954D9}.Debug|Any CPU.Build.0 = Debug|Any CPU
		{185FB9B3-7E25-E276-A6CB-D007880954D9}.Debug|x64.ActiveCfg = Debug|Any CPU
		{185FB9B3-7E25-E276-A6CB-D007880954D9}.Debug|x64.Build.0 = Debug|Any CPU
		{185FB9B3-7E25-E276-A6CB-D007880954D9}.Debug|x86.ActiveCfg = Debug|Any CPU
		{185FB9B3-7E25-E276-A6CB-D007880954D9}.Debug|x86.Build.0 = Debug|Any CPU
		{185FB9B3-7E25-E276-A6CB-D007880954D9}.Release|Any CPU.ActiveCfg = Release|Any CPU
		{185FB9B3-7E25-E276-A6CB-D007880954D9}.Release|Any CPU.Build.0 = Release|Any CPU
		{185FB9B3-7E25-E276-A6CB-D007880954D9}.Release|x64.ActiveCfg = Release|Any CPU
		{185FB9B3-7E25-E276-A6CB-D007880954D9}.Release|x64.Build.0 = Release|Any CPU
		{185FB9B3-7E25-E276-A6CB-D007880954D9}.Release|x86.ActiveCfg = Release|Any CPU
		{185FB9B3-7E25-E276-A6CB-D007880954D9}.Release|x86.Build.0 = Release|Any CPU
		{F2356DA8-999B-48CF-8FAC-8AD6579F6716}.Debug|Any CPU.ActiveCfg = Debug|Any CPU
		{F2356DA8-999B-48CF-8FAC-8AD6579F6716}.Debug|Any CPU.Build.0 = Debug|Any CPU
		{F2356DA8-999B-48CF-8FAC-8AD6579F6716}.Debug|x64.ActiveCfg = Debug|Any CPU
		{F2356DA8-999B-48CF-8FAC-8AD6579F6716}.Debug|x64.Build.0 = Debug|Any CPU
		{F2356DA8-999B-48CF-8FAC-8AD6579F6716}.Debug|x86.ActiveCfg = Debug|Any CPU
		{F2356DA8-999B-48CF-8FAC-8AD6579F6716}.Debug|x86.Build.0 = Debug|Any CPU
		{F2356DA8-999B-48CF-8FAC-8AD6579F6716}.Release|Any CPU.ActiveCfg = Release|Any CPU
		{F2356DA8-999B-48CF-8FAC-8AD6579F6716}.Release|Any CPU.Build.0 = Release|Any CPU
		{F2356DA8-999B-48CF-8FAC-8AD6579F6716}.Release|x64.ActiveCfg = Release|Any CPU
		{F2356DA8-999B-48CF-8FAC-8AD6579F6716}.Release|x64.Build.0 = Release|Any CPU
		{F2356DA8-999B-48CF-8FAC-8AD6579F6716}.Release|x86.ActiveCfg = Release|Any CPU
		{F2356DA8-999B-48CF-8FAC-8AD6579F6716}.Release|x86.Build.0 = Release|Any CPU
	EndGlobalSection
	GlobalSection(SolutionProperties) = preSolution
		HideSolutionNode = FALSE
	EndGlobalSection
	GlobalSection(ExtensibilityGlobals) = postSolution
		SolutionGuid = {DD75364B-DA0D-4D88-8C93-8DC2BD51107C}
	EndGlobalSection
EndGlobal
